Microsoft Visual Studio Solution File, Format Version 12.00
# Visual Studio Version 17
VisualStudioVersion = 17.5.2.0
MinimumVisualStudioVersion = 10.0.40219.1
Project("{FAE04EC0-301F-11D3-BF4B-00C04F79EFBC}") = "csharp-practice", "csharp-practice\csharp-practice.csproj", "{3D7EB9D5-4F05-C315-44BF-BF9E919B1FDB}"
EndProject
Project("{FAE04EC0-301F-11D3-BF4B-00C04F79EFBC}") = "implicit-var-declaration", "implicit-var-declaration\implicit-var-declaration.csproj", "{72178FB5-99F8-4D67-BC04-049AE0837700}"
EndProject
Project("{FAE04EC0-301F-11D3-BF4B-00C04F79EFBC}") = "book-manager-wpf", "book-manager-wpf\book-manager-wpf.csproj", "{FFB4DEC5-70CE-472A-BCA2-92FC3C7F5547}"
EndProject
Project("{FAE04EC0-301F-11D3-BF4B-00C04F79EFBC}") = "contact-management-winforms", "contact-management-winforms\contact-management-winforms.csproj", "{D8311222-6A5F-4AE9-A738-46F7D3274704}"
EndProject
Project("{FAE04EC0-301F-11D3-BF4B-00C04F79EFBC}") = "expense-it", "expense-it\expense-it.csproj", "{10335CB7-E70A-4883-954F-B553C7967C90}"
EndProject
Project("{FAE04EC0-301F-11D3-BF4B-00C04F79EFBC}") = "EFCoreWithWPF", "EFCoreWithWPF\EFCoreWithWPF.csproj", "{2296C53C-E430-4DEC-A5FF-37CA4741AD77}"
EndProject
Project("{FAE04EC0-301F-11D3-BF4B-00C04F79EFBC}") = "generics", "generics\generics.csproj", "{C335685F-5845-4E97-8D48-A1D69C49748F}"
EndProject
Project("{FAE04EC0-301F-11D3-BF4B-00C04F79EFBC}") = "delegates-events", "delegates-events\delegates-events.csproj", "{C84F3508-CDE2-4CED-91BC-F4B646D883B9}"
EndProject
Project("{FAE04EC0-301F-11D3-BF4B-00C04F79EFBC}") = "events-async-callback", "events-async-callback\events-async-callback.csproj", "{494DA65A-5FA6-4DA8-91E0-269737A13069}"
EndProject
Project("{FAE04EC0-301F-11D3-BF4B-00C04F79EFBC}") = "linq", "linq\linq.csproj", "{3BAB5592-CF52-4E6B-A99D-528A6D129C71}"
EndProject
Project("{FAE04EC0-301F-11D3-BF4B-00C04F79EFBC}") = "fileio", "fileio\fileio.csproj", "{737EFF24-6503-4839-8438-4F73CBB85363}"
EndProject
Global
	GlobalSection(SolutionConfigurationPlatforms) = preSolution
		Debug|Any CPU = Debug|Any CPU
		Release|Any CPU = Release|Any CPU
	EndGlobalSection
	GlobalSection(ProjectConfigurationPlatforms) = postSolution
		{3D7EB9D5-4F05-C315-44BF-BF9E919B1FDB}.Debug|Any CPU.ActiveCfg = Debug|Any CPU
		{3D7EB9D5-4F05-C315-44BF-BF9E919B1FDB}.Debug|Any CPU.Build.0 = Debug|Any CPU
		{3D7EB9D5-4F05-C315-44BF-BF9E919B1FDB}.Release|Any CPU.ActiveCfg = Release|Any CPU
		{3D7EB9D5-4F05-C315-44BF-BF9E919B1FDB}.Release|Any CPU.Build.0 = Release|Any CPU
		{72178FB5-99F8-4D67-BC04-049AE0837700}.Debug|Any CPU.ActiveCfg = Debug|Any CPU
		{72178FB5-99F8-4D67-BC04-049AE0837700}.Debug|Any CPU.Build.0 = Debug|Any CPU
		{72178FB5-99F8-4D67-BC04-049AE0837700}.Release|Any CPU.ActiveCfg = Release|Any CPU
		{72178FB5-99F8-4D67-BC04-049AE0837700}.Release|Any CPU.Build.0 = Release|Any CPU
		{FFB4DEC5-70CE-472A-BCA2-92FC3C7F5547}.Debug|Any CPU.ActiveCfg = Debug|Any CPU
		{FFB4DEC5-70CE-472A-BCA2-92FC3C7F5547}.Debug|Any CPU.Build.0 = Debug|Any CPU
		{FFB4DEC5-70CE-472A-BCA2-92FC3C7F5547}.Release|Any CPU.ActiveCfg = Release|Any CPU
		{FFB4DEC5-70CE-472A-BCA2-92FC3C7F5547}.Release|Any CPU.Build.0 = Release|Any CPU
		{D8311222-6A5F-4AE9-A738-46F7D3274704}.Debug|Any CPU.ActiveCfg = Debug|Any CPU
		{D8311222-6A5F-4AE9-A738-46F7D3274704}.Debug|Any CPU.Build.0 = Debug|Any CPU
		{D8311222-6A5F-4AE9-A738-46F7D3274704}.Release|Any CPU.ActiveCfg = Release|Any CPU
		{D8311222-6A5F-4AE9-A738-46F7D3274704}.Release|Any CPU.Build.0 = Release|Any CPU
		{10335CB7-E70A-4883-954F-B553C7967C90}.Debug|Any CPU.ActiveCfg = Debug|Any CPU
		{10335CB7-E70A-4883-954F-B553C7967C90}.Debug|Any CPU.Build.0 = Debug|Any CPU
		{10335CB7-E70A-4883-954F-B553C7967C90}.Release|Any CPU.ActiveCfg = Release|Any CPU
		{10335CB7-E70A-4883-954F-B553C7967C90}.Release|Any CPU.Build.0 = Release|Any CPU
		{2296C53C-E430-4DEC-A5FF-37CA4741AD77}.Debug|Any CPU.ActiveCfg = Debug|Any CPU
		{2296C53C-E430-4DEC-A5FF-37CA4741AD77}.Debug|Any CPU.Build.0 = Debug|Any CPU
		{2296C53C-E430-4DEC-A5FF-37CA4741AD77}.Release|Any CPU.ActiveCfg = Release|Any CPU
		{2296C53C-E430-4DEC-A5FF-37CA4741AD77}.Release|Any CPU.Build.0 = Release|Any CPU
		{C335685F-5845-4E97-8D48-A1D69C49748F}.Debug|Any CPU.ActiveCfg = Debug|Any CPU
		{C335685F-5845-4E97-8D48-A1D69C49748F}.Debug|Any CPU.Build.0 = Debug|Any CPU
		{C335685F-5845-4E97-8D48-A1D69C49748F}.Release|Any CPU.ActiveCfg = Release|Any CPU
		{C335685F-5845-4E97-8D48-A1D69C49748F}.Release|Any CPU.Build.0 = Release|Any CPU
		{C84F3508-CDE2-4CED-91BC-F4B646D883B9}.Debug|Any CPU.ActiveCfg = Debug|Any CPU
		{C84F3508-CDE2-4CED-91BC-F4B646D883B9}.Debug|Any CPU.Build.0 = Debug|Any CPU
		{C84F3508-CDE2-4CED-91BC-F4B646D883B9}.Release|Any CPU.ActiveCfg = Release|Any CPU
		{C84F3508-CDE2-4CED-91BC-F4B646D883B9}.Release|Any CPU.Build.0 = Release|Any CPU
		{494DA65A-5FA6-4DA8-91E0-269737A13069}.Debug|Any CPU.ActiveCfg = Debug|Any CPU
		{494DA65A-5FA6-4DA8-91E0-269737A13069}.Debug|Any CPU.Build.0 = Debug|Any CPU
		{494DA65A-5FA6-4DA8-91E0-269737A13069}.Release|Any CPU.ActiveCfg = Release|Any CPU
		{494DA65A-5FA6-4DA8-91E0-269737A13069}.Release|Any CPU.Build.0 = Release|Any CPU
		{3BAB5592-CF52-4E6B-A99D-528A6D129C71}.Debug|Any CPU.ActiveCfg = Debug|Any CPU
		{3BAB5592-CF52-4E6B-A99D-528A6D129C71}.Debug|Any CPU.Build.0 = Debug|Any CPU
		{3BAB5592-CF52-4E6B-A99D-528A6D129C71}.Release|Any CPU.ActiveCfg = Release|Any CPU
		{3BAB5592-CF52-4E6B-A99D-528A6D129C71}.Release|Any CPU.Build.0 = Release|Any CPU
		{737EFF24-6503-4839-8438-4F73CBB85363}.Debug|Any CPU.ActiveCfg = Debug|Any CPU
		{737EFF24-6503-4839-8438-4F73CBB85363}.Debug|Any CPU.Build.0 = Debug|Any CPU
		{737EFF24-6503-4839-8438-4F73CBB85363}.Release|Any CPU.ActiveCfg = Release|Any CPU
		{737EFF24-6503-4839-8438-4F73CBB85363}.Release|Any CPU.Build.0 = Release|Any CPU
	EndGlobalSection
	GlobalSection(SolutionProperties) = preSolution
		HideSolutionNode = FALSE
	EndGlobalSection
	GlobalSection(ExtensibilityGlobals) = postSolution
		SolutionGuid = {2BECFEF6-E5AD-4117-9DEF-EEB0C8902A66}
	EndGlobalSection
EndGlobal
